
Microsoft Visual Studio Solution File, Format Version 12.00
# Visual Studio Version 16
VisualStudioVersion = 16.0.31613.86
MinimumVisualStudioVersion = 10.0.40219.1
Project("{FAE04EC0-301F-11D3-BF4B-00C04F79EFBC}") = "My Tic Tca Toe", "My Tic Tca Toe\My Tic Tca Toe.csproj", "{3E1F86CE-CD92-4E49-ADF9-0CD10156E508}"
EndProject
Global
	GlobalSection(SolutionConfigurationPlatforms) = preSolution
		Debug|Any CPU = Debug|Any CPU
		Release|Any CPU = Release|Any CPU
	EndGlobalSection
	GlobalSection(ProjectConfigurationPlatforms) = postSolution
		{3E1F86CE-CD92-4E49-ADF9-0CD10156E508}.Debug|Any CPU.ActiveCfg = Debug|Any CPU
		{3E1F86CE-CD92-4E49-ADF9-0CD10156E508}.Debug|Any CPU.Build.0 = Debug|Any CPU
		{3E1F86CE-CD92-4E49-ADF9-0CD10156E508}.Release|Any CPU.ActiveCfg = Release|Any CPU
		{3E1F86CE-CD92-4E49-ADF9-0CD10156E508}.Release|Any CPU.Build.0 = Release|Any CPU
	EndGlobalSection
	GlobalSection(SolutionProperties) = preSolution
		HideSolutionNode = FALSE
	EndGlobalSection
	GlobalSection(ExtensibilityGlobals) = postSolution
		SolutionGuid = {EFCCD8E4-11A3-4249-8A48-45BF11B1905D}
	EndGlobalSection
EndGlobal
